// !$*UTF8*$!
{
	archiveVersion = 1;
	classes = {
	};
	objectVersion = 46;
	objects = {

/* Begin PBXBuildFile section */
		0445C7131BA67798007652B7 /* AppDelegate.swift in Sources */ = {isa = PBXBuildFile; fileRef = 0445C7121BA67798007652B7 /* AppDelegate.swift */; };
		0445C7151BA67798007652B7 /* ViewController.swift in Sources */ = {isa = PBXBuildFile; fileRef = 0445C7141BA67798007652B7 /* ViewController.swift */; };
		0445C7181BA67798007652B7 /* Main.storyboard in Resources */ = {isa = PBXBuildFile; fileRef = 0445C7161BA67798007652B7 /* Main.storyboard */; };
		0445C71A1BA67798007652B7 /* Assets.xcassets in Resources */ = {isa = PBXBuildFile; fileRef = 0445C7191BA67798007652B7 /* Assets.xcassets */; };
		0445C71D1BA67798007652B7 /* LaunchScreen.storyboard in Resources */ = {isa = PBXBuildFile; fileRef = 0445C71B1BA67798007652B7 /* LaunchScreen.storyboard */; };
		0445C7281BA67798007652B7 /* Bull_s_EyeTests.swift in Sources */ = {isa = PBXBuildFile; fileRef = 0445C7271BA67798007652B7 /* Bull_s_EyeTests.swift */; };
		0445C7331BA67798007652B7 /* Bull_s_EyeUITests.swift in Sources */ = {isa = PBXBuildFile; fileRef = 0445C7321BA67798007652B7 /* Bull_s_EyeUITests.swift */; };
/* End PBXBuildFile section */

/* Begin PBXContainerItemProxy section */
		0445C7241BA67798007652B7 /* PBXContainerItemProxy */ = {
			isa = PBXContainerItemProxy;
			containerPortal = 0445C7071BA67798007652B7 /* Project object */;
			proxyType = 1;
			remoteGlobalIDString = 0445C70E1BA67798007652B7;
			remoteInfo = "Bull's Eye";
		};
		0445C72F1BA67798007652B7 /* PBXContainerItemProxy */ = {
			isa = PBXContainerItemProxy;
			containerPortal = 0445C7071BA67798007652B7 /* Project object */;
			proxyType = 1;
			remoteGlobalIDString = 0445C70E1BA67798007652B7;
			remoteInfo = "Bull's Eye";
		};
/* End PBXContainerItemProxy section */

/* Begin PBXFileReference section */
		0445C70F1BA67798007652B7 /* Bull's Eye.app */ = {isa = PBXFileReference; explicitFileType = wrapper.application; includeInIndex = 0; path = "Bull's Eye.app"; sourceTree = BUILT_PRODUCTS_DIR; };
		0445C7121BA67798007652B7 /* AppDelegate.swift */ = {isa = PBXFileReference; lastKnownFileType = sourcecode.swift; path = AppDelegate.swift; sourceTree = "<group>"; };
		0445C7141BA67798007652B7 /* ViewController.swift */ = {isa = PBXFileReference; lastKnownFileType = sourcecode.swift; path = ViewController.swift; sourceTree = "<group>"; };
		0445C7171BA67798007652B7 /* Base */ = {isa = PBXFileReference; lastKnownFileType = file.storyboard; name = Base; path = Base.lproj/Main.storyboard; sourceTree = "<group>"; };
		0445C7191BA67798007652B7 /* Assets.xcassets */ = {isa = PBXFileReference; lastKnownFileType = folder.assetcatalog; path = Assets.xcassets; sourceTree = "<group>"; };
		0445C71C1BA67798007652B7 /* Base */ = {isa = PBXFileReference; lastKnownFileType = file.storyboard; name = Base; path = Base.lproj/LaunchScreen.storyboard; sourceTree = "<group>"; };
		0445C71E1BA67798007652B7 /* Info.plist */ = {isa = PBXFileReference; lastKnownFileType = text.plist.xml; path = Info.plist; sourceTree = "<group>"; };
		0445C7231BA67798007652B7 /* Bull's EyeTests.xctest */ = {isa = PBXFileReference; explicitFileType = wrapper.cfbundle; includeInIndex = 0; path = "Bull's EyeTests.xctest"; sourceTree = BUILT_PRODUCTS_DIR; };
		0445C7271BA67798007652B7 /* Bull_s_EyeTests.swift */ = {isa = PBXFileReference; lastKnownFileType = sourcecode.swift; path = Bull_s_EyeTests.swift; sourceTree = "<group>"; };
		0445C7291BA67798007652B7 /* Info.plist */ = {isa = PBXFileReference; lastKnownFileType = text.plist.xml; path = Info.plist; sourceTree = "<group>"; };
		0445C72E1BA67798007652B7 /* Bull's EyeUITests.xctest */ = {isa = PBXFileReference; explicitFileType = wrapper.cfbundle; includeInIndex = 0; path = "Bull's EyeUITests.xctest"; sourceTree = BUILT_PRODUCTS_DIR; };
		0445C7321BA67798007652B7 /* Bull_s_EyeUITests.swift */ = {isa = PBXFileReference; lastKnownFileType = sourcecode.swift; path = Bull_s_EyeUITests.swift; sourceTree = "<group>"; };
		0445C7341BA67798007652B7 /* Info.plist */ = {isa = PBXFileReference; lastKnownFileType = text.plist.xml; path = Info.plist; sourceTree = "<group>"; };
/* End PBXFileReference section */

/* Begin PBXFrameworksBuildPhase section */
		0445C70C1BA67798007652B7 /* Frameworks */ = {
			isa = PBXFrameworksBuildPhase;
			buildActionMask = 2147483647;
			files = (
			);
			runOnlyForDeploymentPostprocessing = 0;
		};
		0445C7201BA67798007652B7 /* Frameworks */ = {
			isa = PBXFrameworksBuildPhase;
			buildActionMask = 2147483647;
			files = (
			);
			runOnlyForDeploymentPostprocessing = 0;
		};
		0445C72B1BA67798007652B7 /* Frameworks */ = {
			isa = PBXFrameworksBuildPhase;
			buildActionMask = 2147483647;
			files = (
			);
			runOnlyForDeploymentPostprocessing = 0;
		};
/* End PBXFrameworksBuildPhase section */

/* Begin PBXGroup section */
		0445C7061BA67798007652B7 = {
			isa = PBXGroup;
			children = (
				0445C7111BA67798007652B7 /* Bull's Eye */,
				0445C7261BA67798007652B7 /* Bull's EyeTests */,
				0445C7311BA67798007652B7 /* Bull's EyeUITests */,
				0445C7101BA67798007652B7 /* Products */,
			);
			sourceTree = "<group>";
		};
		0445C7101BA67798007652B7 /* Products */ = {
			isa = PBXGroup;
			children = (
				0445C70F1BA67798007652B7 /* Bull's Eye.app */,
				0445C7231BA67798007652B7 /* Bull's EyeTests.xctest */,
				0445C72E1BA67798007652B7 /* Bull's EyeUITests.xctest */,
			);
			name = Products;
			sourceTree = "<group>";
		};
		0445C7111BA67798007652B7 /* Bull's Eye */ = {
			isa = PBXGroup;
			children = (
				0445C7121BA67798007652B7 /* AppDelegate.swift */,
				0445C7141BA67798007652B7 /* ViewController.swift */,
				0445C7161BA67798007652B7 /* Main.storyboard */,
				0445C7191BA67798007652B7 /* Assets.xcassets */,
				0445C71B1BA67798007652B7 /* LaunchScreen.storyboard */,
				0445C71E1BA67798007652B7 /* Info.plist */,
			);
			path = "Bull's Eye";
			sourceTree = "<group>";
		};
		0445C7261BA67798007652B7 /* Bull's EyeTests */ = {
			isa = PBXGroup;
			children = (
				0445C7271BA67798007652B7 /* Bull_s_EyeTests.swift */,
				0445C7291BA67798007652B7 /* Info.plist */,
			);
			path = "Bull's EyeTests";
			sourceTree = "<group>";
		};
		0445C7311BA67798007652B7 /* Bull's EyeUITests */ = {
			isa = PBXGroup;
			children = (
				0445C7321BA67798007652B7 /* Bull_s_EyeUITests.swift */,
				0445C7341BA67798007652B7 /* Info.plist */,
			);
			path = "Bull's EyeUITests";
			sourceTree = "<group>";
		};
/* End PBXGroup section */

/* Begin PBXNativeTarget section */
		0445C70E1BA67798007652B7 /* Bull's Eye */ = {
			isa = PBXNativeTarget;
			buildConfigurationList = 0445C7371BA67798007652B7 /* Build configuration list for PBXNativeTarget "Bull's Eye" */;
			buildPhases = (
				0445C70B1BA67798007652B7 /* Sources */,
				0445C70C1BA67798007652B7 /* Frameworks */,
				0445C70D1BA67798007652B7 /* Resources */,
			);
			buildRules = (
			);
			dependencies = (
			);
			name = "Bull's Eye";
			productName = "Bull's Eye";
			productReference = 0445C70F1BA67798007652B7 /* Bull's Eye.app */;
			productType = "com.apple.product-type.application";
		};
		0445C7221BA67798007652B7 /* Bull's EyeTests */ = {
			isa = PBXNativeTarget;
			buildConfigurationList = 0445C73A1BA67798007652B7 /* Build configuration list for PBXNativeTarget "Bull's EyeTests" */;
			buildPhases = (
				0445C71F1BA67798007652B7 /* Sources */,
				0445C7201BA67798007652B7 /* Frameworks */,
				0445C7211BA67798007652B7 /* Resources */,
			);
			buildRules = (
			);
			dependencies = (
				0445C7251BA67798007652B7 /* PBXTargetDependency */,
			);
			name = "Bull's EyeTests";
			productName = "Bull's EyeTests";
			productReference = 0445C7231BA67798007652B7 /* Bull's EyeTests.xctest */;
			productType = "com.apple.product-type.bundle.unit-test";
		};
		0445C72D1BA67798007652B7 /* Bull's EyeUITests */ = {
			isa = PBXNativeTarget;
			buildConfigurationList = 0445C73D1BA67798007652B7 /* Build configuration list for PBXNativeTarget "Bull's EyeUITests" */;
			buildPhases = (
				0445C72A1BA67798007652B7 /* Sources */,
				0445C72B1BA67798007652B7 /* Frameworks */,
				0445C72C1BA67798007652B7 /* Resources */,
			);
			buildRules = (
			);
			dependencies = (
				0445C7301BA67798007652B7 /* PBXTargetDependency */,
			);
			name = "Bull's EyeUITests";
			productName = "Bull's EyeUITests";
			productReference = 0445C72E1BA67798007652B7 /* Bull's EyeUITests.xctest */;
			productType = "com.apple.product-type.bundle.ui-testing";
		};
/* End PBXNativeTarget section */

/* Begin PBXProject section */
		0445C7071BA67798007652B7 /* Project object */ = {
			isa = PBXProject;
			attributes = {
				LastUpgradeCheck = 0700;
				ORGANIZATIONNAME = mac;
				TargetAttributes = {
					0445C70E1BA67798007652B7 = {
						CreatedOnToolsVersion = 7.0;
					};
					0445C7221BA67798007652B7 = {
						CreatedOnToolsVersion = 7.0;
						TestTargetID = 0445C70E1BA67798007652B7;
					};
					0445C72D1BA67798007652B7 = {
						CreatedOnToolsVersion = 7.0;
						TestTargetID = 0445C70E1BA67798007652B7;
					};
				};
			};
			buildConfigurationList = 0445C70A1BA67798007652B7 /* Build configuration list for PBXProject "Bull's Eye" */;
			compatibilityVersion = "Xcode 3.2";
			developmentRegion = English;
			hasScannedForEncodings = 0;
			knownRegions = (
				en,
				Base,
			);
			mainGroup = 0445C7061BA67798007652B7;
			productRefGroup = 0445C7101BA67798007652B7 /* Products */;
			projectDirPath = "";
			projectRoot = "";
			targets = (
				0445C70E1BA67798007652B7 /* Bull's Eye */,
				0445C7221BA67798007652B7 /* Bull's EyeTests */,
				0445C72D1BA67798007652B7 /* Bull's EyeUITests */,
			);
		};
/* End PBXProject section */

/* Begin PBXResourcesBuildPhase section */
		0445C70D1BA67798007652B7 /* Resources */ = {
			isa = PBXResourcesBuildPhase;
			buildActionMask = 2147483647;
			files = (
				0445C71D1BA67798007652B7 /* LaunchScreen.storyboard in Resources */,
				0445C71A1BA67798007652B7 /* Assets.xcassets in Resources */,
				0445C7181BA67798007652B7 /* Main.storyboard in Resources */,
			);
			runOnlyForDeploymentPostprocessing = 0;
		};
		0445C7211BA67798007652B7 /* Resources */ = {
			isa = PBXResourcesBuildPhase;
			buildActionMask = 2147483647;
			files = (
			);
			runOnlyForDeploymentPostprocessing = 0;
		};
		0445C72C1BA67798007652B7 /* Resources */ = {
			isa = PBXResourcesBuildPhase;
			buildActionMask = 2147483647;
			files = (
			);
			runOnlyForDeploymentPostprocessing = 0;
		};
/* End PBXResourcesBuildPhase section */

/* Begin PBXSourcesBuildPhase section */
		0445C70B1BA67798007652B7 /* Sources */ = {
			isa = PBXSourcesBuildPhase;
			buildActionMask = 2147483647;
			files = (
				0445C7151BA67798007652B7 /* ViewController.swift in Sources */,
				0445C7131BA67798007652B7 /* AppDelegate.swift in Sources */,
			);
			runOnlyForDeploymentPostprocessing = 0;
		};
		0445C71F1BA67798007652B7 /* Sources */ = {
			isa = PBXSourcesBuildPhase;
			buildActionMask = 2147483647;
			files = (
				0445C7281BA67798007652B7 /* Bull_s_EyeTests.swift in Sources */,
			);
			runOnlyForDeploymentPostprocessing = 0;
		};
		0445C72A1BA67798007652B7 /* Sources */ = {
			isa = PBXSourcesBuildPhase;
			buildActionMask = 2147483647;
			files = (
				0445C7331BA67798007652B7 /* Bull_s_EyeUITests.swift in Sources */,
			);
			runOnlyForDeploymentPostprocessing = 0;
		};
/* End PBXSourcesBuildPhase section */

/* Begin PBXTargetDependency section */
		0445C7251BA67798007652B7 /* PBXTargetDependency */ = {
			isa = PBXTargetDependency;
			target = 0445C70E1BA67798007652B7 /* Bull's Eye */;
			targetProxy = 0445C7241BA67798007652B7 /* PBXContainerItemProxy */;
		};
		0445C7301BA67798007652B7 /* PBXTargetDependency */ = {
			isa = PBXTargetDependency;
			target = 0445C70E1BA67798007652B7 /* Bull's Eye */;
			targetProxy = 0445C72F1BA67798007652B7 /* PBXContainerItemProxy */;
		};
/* End PBXTargetDependency section */

/* Begin PBXVariantGroup section */
		0445C7161BA67798007652B7 /* Main.storyboard */ = {
			isa = PBXVariantGroup;
			children = (
				0445C7171BA67798007652B7 /* Base */,
			);
			name = Main.storyboard;
			sourceTree = "<group>";
		};
		0445C71B1BA67798007652B7 /* LaunchScreen.storyboard */ = {
			isa = PBXVariantGroup;
			children = (
				0445C71C1BA67798007652B7 /* Base */,
			);
			name = LaunchScreen.storyboard;
			sourceTree = "<group>";
		};
/* End PBXVariantGroup section */

/* Begin XCBuildConfiguration section */
		0445C7351BA67798007652B7 /* Debug */ = {
			isa = XCBuildConfiguration;
			buildSettings = {
				ALWAYS_SEARCH_USER_PATHS = NO;
				CLANG_CXX_LANGUAGE_STANDARD = "gnu++0x";
				CLANG_CXX_LIBRARY = "libc++";
				CLANG_ENABLE_MODULES = YES;
				CLANG_ENABLE_OBJC_ARC = YES;
				CLANG_WARN_BOOL_CONVERSION = YES;
				CLANG_WARN_CONSTANT_CONVERSION = YES;
				CLANG_WARN_DIRECT_OBJC_ISA_USAGE = YES_ERROR;
				CLANG_WARN_EMPTY_BODY = YES;
				CLANG_WARN_ENUM_CONVERSION = YES;
				CLANG_WARN_INT_CONVERSION = YES;
				CLANG_WARN_OBJC_ROOT_CLASS = YES_ERROR;
				CLANG_WARN_UNREACHABLE_CODE = YES;
				CLANG_WARN__DUPLICATE_METHOD_MATCH = YES;
				"CODE_SIGN_IDENTITY[sdk=iphoneos*]" = "iPhone Developer";
				COPY_PHASE_STRIP = NO;
				DEBUG_INFORMATION_FORMAT = dwarf;
				ENABLE_STRICT_OBJC_MSGSEND = YES;
				ENABLE_TESTABILITY = YES;
				GCC_C_LANGUAGE_STANDARD = gnu99;
				GCC_DYNAMIC_NO_PIC = NO;
				GCC_NO_COMMON_BLOCKS = YES;
				GCC_OPTIMIZATION_LEVEL = 0;
				GCC_PREPROCESSOR_DEFINITIONS = (
					"DEBUG=1",
					"$(inherited)",
				);
				GCC_WARN_64_TO_32_BIT_CONVERSION = YES;
				GCC_WARN_ABOUT_RETURN_TYPE = YES_ERROR;
				GCC_WARN_UNDECLARED_SELECTOR = YES;
				GCC_WARN_UNINITIALIZED_AUTOS = YES_AGGRESSIVE;
				GCC_WARN_UNUSED_FUNCTION = YES;
				GCC_WARN_UNUSED_VARIABLE = YES;
				IPHONEOS_DEPLOYMENT_TARGET = 9.0;
				MTL_ENABLE_DEBUG_INFO = YES;
				ONLY_ACTIVE_ARCH = YES;
				SDKROOT = iphoneos;
				SWIFT_OPTIMIZATION_LEVEL = "-Onone";
				TARGETED_DEVICE_FAMILY = "1,2";
			};
			name = Debug;
		};
		0445C7361BA67798007652B7 /* Release */ = {
			isa = XCBuildConfiguration;
			buildSettings = {
				ALWAYS_SEARCH_USER_PATHS = NO;
				CLANG_CXX_LANGUAGE_STANDARD = "gnu++0x";
				CLANG_CXX_LIBRARY = "libc++";
				CLANG_ENABLE_MODULES = YES;
				CLANG_ENABLE_OBJC_ARC = YES;
				CLANG_WARN_BOOL_CONVERSION = YES;
				CLANG_WARN_CONSTANT_CONVERSION = YES;
				CLANG_WARN_DIRECT_OBJC_ISA_USAGE = YES_ERROR;
				CLANG_WARN_EMPTY_BODY = YES;
				CLANG_WARN_ENUM_CONVERSION = YES;
				CLANG_WARN_INT_CONVERSION = YES;
				CLANG_WARN_OBJC_ROOT_CLASS = YES_ERROR;
				CLANG_WARN_UNREACHABLE_CODE = YES;
				CLANG_WARN__DUPLICATE_METHOD_MATCH = YES;
				"CODE_SIGN_IDENTITY[sdk=iphoneos*]" = "iPhone Developer";
				COPY_PHASE_STRIP = NO;
				DEBUG_INFORMATION_FORMAT = "dwarf-with-dsym";
				ENABLE_NS_ASSERTIONS = NO;
				ENABLE_STRICT_OBJC_MSGSEND = YES;
				GCC_C_LANGUAGE_STANDARD = gnu99;
				GCC_NO_COMMON_BLOCKS = YES;
				GCC_WARN_64_TO_32_BIT_CONVERSION = YES;
				GCC_WARN_ABOUT_RETURN_TYPE = YES_ERROR;
				GCC_WARN_UNDECLARED_SELECTOR = YES;
				GCC_WARN_UNINITIALIZED_AUTOS = YES_AGGRESSIVE;
				GCC_WARN_UNUSED_FUNCTION = YES;
				GCC_WARN_UNUSED_VARIABLE = YES;
				IPHONEOS_DEPLOYMENT_TARGET = 9.0;
				MTL_ENABLE_DEBUG_INFO = NO;
				SDKROOT = iphoneos;
				TARGETED_DEVICE_FAMILY = "1,2";
				VALIDATE_PRODUCT = YES;
			};
			name = Release;
		};
		0445C7381BA67798007652B7 /* Debug */ = {
			isa = XCBuildConfiguration;
			buildSettings = {
				ASSETCATALOG_COMPILER_APPICON_NAME = AppIcon;
				INFOPLIST_FILE = "Bull's Eye/Info.plist";
				LD_RUNPATH_SEARCH_PATHS = "$(inherited) @executable_path/Frameworks";
				PRODUCT_BUNDLE_IDENTIFIER = "com.5inb4d.Bull-s-Eye";
				PRODUCT_NAME = "$(TARGET_NAME)";
			};
			name = Debug;
		};
		0445C7391BA67798007652B7 /* Release */ = {
			isa = XCBuildConfiguration;
			buildSettings = {
				ASSETCATALOG_COMPILER_APPICON_NAME = AppIcon;
				INFOPLIST_FILE = "Bull's Eye/Info.plist";
				LD_RUNPATH_SEARCH_PATHS = "$(inherited) @executable_path/Frameworks";
				PRODUCT_BUNDLE_IDENTIFIER = "com.5inb4d.Bull-s-Eye";
				PRODUCT_NAME = "$(TARGET_NAME)";
			};
			name = Release;
		};
		0445C73B1BA67798007652B7 /* Debug */ = {
			isa = XCBuildConfiguration;
			buildSettings = {
				BUNDLE_LOADER = "$(TEST_HOST)";
				INFOPLIST_FILE = "Bull's EyeTests/Info.plist";
				LD_RUNPATH_SEARCH_PATHS = "$(inherited) @executable_path/Frameworks @loader_path/Frameworks";
				PRODUCT_BUNDLE_IDENTIFIER = "com.5inb4d.Bull-s-EyeTests";
				PRODUCT_NAME = "$(TARGET_NAME)";
				TEST_HOST = "$(BUILT_PRODUCTS_DIR)/Bull's Eye.app/Bull's Eye";
			};
			name = Debug;
		};
		0445C73C1BA67798007652B7 /* Release */ = {
			isa = XCBuildConfiguration;
			buildSettings = {
				BUNDLE_LOADER = "$(TEST_HOST)";
				INFOPLIST_FILE = "Bull's EyeTests/Info.plist";
				LD_RUNPATH_SEARCH_PATHS = "$(inherited) @executable_path/Frameworks @loader_path/Frameworks";
				PRODUCT_BUNDLE_IDENTIFIER = "com.5inb4d.Bull-s-EyeTests";
				PRODUCT_NAME = "$(TARGET_NAME)";
				TEST_HOST = "$(BUILT_PRODUCTS_DIR)/Bull's Eye.app/Bull's Eye";
			};
			name = Release;
		};
		0445C73E1BA67798007652B7 /* Debug */ = {
			isa = XCBuildConfiguration;
			buildSettings = {
				INFOPLIST_FILE = "Bull's EyeUITests/Info.plist";
				LD_RUNPATH_SEARCH_PATHS = "$(inherited) @executable_path/Frameworks @loader_path/Frameworks";
				PRODUCT_BUNDLE_IDENTIFIER = "com.5inb4d.Bull-s-EyeUITests";
				PRODUCT_NAME = "$(TARGET_NAME)";
				TEST_TARGET_NAME = "Bull's Eye";
				USES_XCTRUNNER = YES;
			};
			name = Debug;
		};
		0445C73F1BA67798007652B7 /* Release */ = {
			isa = XCBuildConfiguration;
			buildSettings = {
				INFOPLIST_FILE = "Bull's EyeUITests/Info.plist";
				LD_RUNPATH_SEARCH_PATHS = "$(inherited) @executable_path/Frameworks @loader_path/Frameworks";
				PRODUCT_BUNDLE_IDENTIFIER = "com.5inb4d.Bull-s-EyeUITests";
				PRODUCT_NAME = "$(TARGET_NAME)";
				TEST_TARGET_NAME = "Bull's Eye";
				USES_XCTRUNNER = YES;
			};
			name = Release;
		};
/* End XCBuildConfiguration section */

/* Begin XCConfigurationList section */
		0445C70A1BA67798007652B7 /* Build configuration list for PBXProject "Bull's Eye" */ = {
			isa = XCConfigurationList;
			buildConfigurations = (
				0445C7351BA67798007652B7 /* Debug */,
				0445C7361BA67798007652B7 /* Release */,
			);
			defaultConfigurationIsVisible = 0;
			defaultConfigurationName = Release;
		};
		0445C7371BA67798007652B7 /* Build configuration list for PBXNativeTarget "Bull's Eye" */ = {
			isa = XCConfigurationList;
			buildConfigurations = (
				0445C7381BA67798007652B7 /* Debug */,
				0445C7391BA67798007652B7 /* Release */,
			);
			defaultConfigurationIsVisible = 0;
		};
		0445C73A1BA67798007652B7 /* Build configuration list for PBXNativeTarget "Bull's EyeTests" */ = {
			isa = XCConfigurationList;
			buildConfigurations = (
				0445C73B1BA67798007652B7 /* Debug */,
				0445C73C1BA67798007652B7 /* Release */,
			);
			defaultConfigurationIsVisible = 0;
		};
		0445C73D1BA67798007652B7 /* Build configuration list for PBXNativeTarget "Bull's EyeUITests" */ = {
			isa = XCConfigurationList;
			buildConfigurations = (
				0445C73E1BA67798007652B7 /* Debug */,
				0445C73F1BA67798007652B7 /* Release */,
			);
			defaultConfigurationIsVisible = 0;
		};
/* End XCConfigurationList section */
	};
	rootObject = 0445C7071BA67798007652B7 /* Project object */;
}
